
Microsoft Visual Studio Solution File, Format Version 12.00
# Visual Studio 15
Project("{FAE04EC0-301F-11D3-BF4B-00C04F79EFBC}") = "Assembly-CSharp", "Assembly-CSharp.csproj", "{F5AA0CA1-AD56-969C-2F9C-AF67C426F952}"
EndProject
Project("{FAE04EC0-301F-11D3-BF4B-00C04F79EFBC}") = "Assembly-CSharp-Editor", "Assembly-CSharp-Editor.csproj", "{B85F5052-6792-5E1F-0C28-78D69EA4BD4F}"
EndProject
Global
	GlobalSection(SolutionConfigurationPlatforms) = preSolution
		Debug|Any CPU = Debug|Any CPU
		Release|Any CPU = Release|Any CPU
	EndGlobalSection
	GlobalSection(ProjectConfigurationPlatforms) = postSolution
		{F5AA0CA1-AD56-969C-2F9C-AF67C426F952}.Debug|Any CPU.ActiveCfg = Debug|Any CPU
		{F5AA0CA1-AD56-969C-2F9C-AF67C426F952}.Debug|Any CPU.Build.0 = Debug|Any CPU
		{F5AA0CA1-AD56-969C-2F9C-AF67C426F952}.Release|Any CPU.ActiveCfg = Release|Any CPU
		{F5AA0CA1-AD56-969C-2F9C-AF67C426F952}.Release|Any CPU.Build.0 = Release|Any CPU
		{B85F5052-6792-5E1F-0C28-78D69EA4BD4F}.Debug|Any CPU.ActiveCfg = Debug|Any CPU
		{B85F5052-6792-5E1F-0C28-78D69EA4BD4F}.Debug|Any CPU.Build.0 = Debug|Any CPU
		{B85F5052-6792-5E1F-0C28-78D69EA4BD4F}.Release|Any CPU.ActiveCfg = Release|Any CPU
		{B85F5052-6792-5E1F-0C28-78D69EA4BD4F}.Release|Any CPU.Build.0 = Release|Any CPU
	EndGlobalSection
	GlobalSection(SolutionProperties) = preSolution
		HideSolutionNode = FALSE
	EndGlobalSection
EndGlobal
